
Microsoft Visual Studio Solution File, Format Version 12.00
# Visual Studio Version 16
VisualStudioVersion = 16.0.30523.141
MinimumVisualStudioVersion = 10.0.40219.1
Project("{9A19103F-16F7-4668-BE54-9A1E7A4F7556}") = "TZERC", "TZERC\TZERC.csproj", "{729C10A9-EA2B-4938-A58B-1727F1C427E7}"
EndProject
Project("{FAE04EC0-301F-11D3-BF4B-00C04F79EFBC}") = "TestThisTz", "TestThisTz\TestThisTz.csproj", "{C91084E9-BF5E-47E9-892D-B31189E364A0}"
EndProject
Global
	GlobalSection(SolutionConfigurationPlatforms) = preSolution
		Debug|Any CPU = Debug|Any CPU
		Release|Any CPU = Release|Any CPU
	EndGlobalSection
	GlobalSection(ProjectConfigurationPlatforms) = postSolution
		{729C10A9-EA2B-4938-A58B-1727F1C427E7}.Debug|Any CPU.ActiveCfg = Debug|Any CPU
		{729C10A9-EA2B-4938-A58B-1727F1C427E7}.Debug|Any CPU.Build.0 = Debug|Any CPU
		{729C10A9-EA2B-4938-A58B-1727F1C427E7}.Release|Any CPU.ActiveCfg = Release|Any CPU
		{729C10A9-EA2B-4938-A58B-1727F1C427E7}.Release|Any CPU.Build.0 = Release|Any CPU
		{C91084E9-BF5E-47E9-892D-B31189E364A0}.Debug|Any CPU.ActiveCfg = Debug|Any CPU
		{C91084E9-BF5E-47E9-892D-B31189E364A0}.Debug|Any CPU.Build.0 = Debug|Any CPU
		{C91084E9-BF5E-47E9-892D-B31189E364A0}.Release|Any CPU.ActiveCfg = Release|Any CPU
		{C91084E9-BF5E-47E9-892D-B31189E364A0}.Release|Any CPU.Build.0 = Release|Any CPU
	EndGlobalSection
	GlobalSection(SolutionProperties) = preSolution
		HideSolutionNode = FALSE
	EndGlobalSection
	GlobalSection(ExtensibilityGlobals) = postSolution
		SolutionGuid = {C67B436D-FC78-4482-B736-55690D126306}
	EndGlobalSection
EndGlobal
